PODS:
  - RxAtomic (4.4.2)
  - RxSwift (4.4.2):
    - RxAtomic (>= 4.4.2, ~> 4.4)

DEPENDENCIES:
  - RxSwift (~> 4.4.2)

SPEC REPOS:
  https://github.com/cocoapods/specs.git:
    - RxAtomic
    - RxSwift

SPEC CHECKSUMS:
  RxAtomic: d00e97c10db88c6f08540e0bf2752fc5a2404167
  RxSwift: 74c29b693c8e42b0f64400e8b06564575742d649

PODFILE CHECKSUM: e7f354f6a72e99900b494e0cdd2440b49aa56e29

COCOAPODS: 1.5.3
